
Microsoft Visual Studio Solution File, Format Version 12.00
# Visual Studio Version 17
VisualStudioVersion = 17.2.32526.322
MinimumVisualStudioVersion = 10.0.40219.1
Project("{FAE04EC0-301F-11D3-BF4B-00C04F79EFBC}") = "272_HW4", "272_HW4\272_HW4.csproj", "{F4865A3E-4589-4371-B96D-D737028E8794}"
EndProject
Global
	GlobalSection(SolutionConfigurationPlatforms) = preSolution
		Debug|Any CPU = Debug|Any CPU
		Release|Any CPU = Release|Any CPU
	EndGlobalSection
	GlobalSection(ProjectConfigurationPlatforms) = postSolution
		{F4865A3E-4589-4371-B96D-D737028E8794}.Debug|Any CPU.ActiveCfg = Debug|Any CPU
		{F4865A3E-4589-4371-B96D-D737028E8794}.Debug|Any CPU.Build.0 = Debug|Any CPU
		{F4865A3E-4589-4371-B96D-D737028E8794}.Release|Any CPU.ActiveCfg = Release|Any CPU
		{F4865A3E-4589-4371-B96D-D737028E8794}.Release|Any CPU.Build.0 = Release|Any CPU
	EndGlobalSection
	GlobalSection(SolutionProperties) = preSolution
		HideSolutionNode = FALSE
	EndGlobalSection
	GlobalSection(ExtensibilityGlobals) = postSolution
		SolutionGuid = {D268400F-05FF-4EBD-B816-CA3777CD96C9}
	EndGlobalSection
EndGlobal
